
Microsoft Visual Studio Solution File, Format Version 12.00
# Visual Studio Version 17
VisualStudioVersion = 17.5.002.0
MinimumVisualStudioVersion = 10.0.40219.1
Project("{9A19103F-16F7-4668-BE54-9A1E7A4F7556}") = "backend", "backend\backend.csproj", "{601FED14-E1C8-43A0-96F4-4E0F62BC7CD5}"
EndProject
Global
	GlobalSection(SolutionConfigurationPlatforms) = preSolution
		Debug|Any CPU = Debug|Any CPU
		Release|Any CPU = Release|Any CPU
	EndGlobalSection
	GlobalSection(ProjectConfigurationPlatforms) = postSolution
		{601FED14-E1C8-43A0-96F4-4E0F62BC7CD5}.Debug|Any CPU.ActiveCfg = Debug|Any CPU
		{601FED14-E1C8-43A0-96F4-4E0F62BC7CD5}.Debug|Any CPU.Build.0 = Debug|Any CPU
		{601FED14-E1C8-43A0-96F4-4E0F62BC7CD5}.Release|Any CPU.ActiveCfg = Release|Any CPU
		{601FED14-E1C8-43A0-96F4-4E0F62BC7CD5}.Release|Any CPU.Build.0 = Release|Any CPU
	EndGlobalSection
	GlobalSection(SolutionProperties) = preSolution
		HideSolutionNode = FALSE
	EndGlobalSection
	GlobalSection(ExtensibilityGlobals) = postSolution
		SolutionGuid = {0361DD5D-D071-4A69-9F96-DF150F8AFFFC}
	EndGlobalSection
EndGlobal
